PODS:
  - Alamofire (5.7.1)
  - IQKeyboardManagerSwift (6.5.11)
  - JXSegmentedView (1.3.0)
  - Kingfisher (7.8.0)
  - ProgressHUD (13.6.2)
  - RxCocoa (6.5.0):
    - RxRelay (= 6.5.0)
    - RxSwift (= 6.5.0)
  - RxRelay (6.5.0):
    - RxSwift (= 6.5.0)
  - RxSwift (6.5.0)
  - SnapKit (5.6.0)
  - SQLite.swift (0.13.3):
    - SQLite.swift/standard (= 0.13.3)
  - SQLite.swift/standard (0.13.3)
  - SwiftKeychainWrapper (4.0.1)

DEPENDENCIES:
  - Alamofire
  - IQKeyboardManagerSwift (~> 6.5.10)
  - JXSegmentedView
  - Kingfisher (~> 7.0)
  - ProgressHUD (~> 13.6.2)
  - RxCocoa (= 6.5.0)
  - RxSwift (= 6.5.0)
  - SnapKit (~> 5.6.0)
  - SQLite.swift (~> 0.13.0)
  - SwiftKeychainWrapper

SPEC REPOS:
  trunk:
    - Alamofire
    - IQKeyboardManagerSwift
    - JXSegmentedView
    - Kingfisher
    - ProgressHUD
    - RxCocoa
    - RxRelay
    - RxSwift
    - SnapKit
    - SQLite.swift
    - SwiftKeychainWrapper

SPEC CHECKSUMS:
  Alamofire: 0123a34370cb170936ae79a8df46cc62b2edeb88
  IQKeyboardManagerSwift: c7955c0bdbf7b2eb29bb7daaa44e3d90f55a9a85
  JXSegmentedView: fec0d335355b6e019c494fe2e030bde8a36d2df6
  Kingfisher: 0656e1b064bfc1ca1cd04e033f617a86559696e9
  ProgressHUD: 355915c8f033e626788fa9b0d99d06e8691595ab
  RxCocoa: 94f817b71c07517321eb4f9ad299112ca8af743b
  RxRelay: 1de1523e604c72b6c68feadedd1af3b1b4d0ecbd
  RxSwift: 5710a9e6b17f3c3d6e40d6e559b9fa1e813b2ef8
  SnapKit: e01d52ebb8ddbc333eefe2132acf85c8227d9c25
  SQLite.swift: 903bfa3bc9ab06345fdfbb578e34f47cfcf417da
  SwiftKeychainWrapper: 807ba1d63c33a7d0613288512399cd1eda1e470c

PODFILE CHECKSUM: d95caec23ef2f7ec8ba438fc7991acd00d1af5e3

COCOAPODS: 1.12.1
